
Microsoft Visual Studio Solution File, Format Version 12.00
# Visual Studio Version 17
VisualStudioVersion = 17.3.32825.248
MinimumVisualStudioVersion = 10.0.40219.1
Project("{FAE04EC0-301F-11D3-BF4B-00C04F79EFBC}") = "mandelbrot", "mandelbrot\mandelbrot.csproj", "{86912E12-DCDC-4D9E-BA88-A8F0EBB24D51}"
EndProject
Global
	GlobalSection(SolutionConfigurationPlatforms) = preSolution
		Debug|Any CPU = Debug|Any CPU
		Release|Any CPU = Release|Any CPU
	EndGlobalSection
	GlobalSection(ProjectConfigurationPlatforms) = postSolution
		{86912E12-DCDC-4D9E-BA88-A8F0EBB24D51}.Debug|Any CPU.ActiveCfg = Debug|Any CPU
		{86912E12-DCDC-4D9E-BA88-A8F0EBB24D51}.Debug|Any CPU.Build.0 = Debug|Any CPU
		{86912E12-DCDC-4D9E-BA88-A8F0EBB24D51}.Release|Any CPU.ActiveCfg = Release|Any CPU
		{86912E12-DCDC-4D9E-BA88-A8F0EBB24D51}.Release|Any CPU.Build.0 = Release|Any CPU
	EndGlobalSection
	GlobalSection(SolutionProperties) = preSolution
		HideSolutionNode = FALSE
	EndGlobalSection
	GlobalSection(ExtensibilityGlobals) = postSolution
		SolutionGuid = {A93EE4CB-F1AD-4C05-BDA6-9AE741D654EA}
	EndGlobalSection
EndGlobal
